version = 1
revision = 3
requires-python = "==3.13.*"

[[package]]
name = "cffi"
version = "2.1.0"
source = { registry = "https://pypi.org/simple" }
dependencies = [
    { name = "pycparser", marker = "implementation_name != 'PyPy'" },
]
sdist = { url = "https://files.pythonhosted.org/packages/57/5f/ff100cae70ebe9d8df1c01a00e510e45d9adb5c1fdda84791b199141de97/cffi-2.1.0.tar.gz", hash = "sha256:efc1cdd798b1aaf39b4610bba7aad28c9bea9b910f25c784ccf9ec1fa719d1f9", size = 531036, upload-time = "2026-07-06T21:34:30.382Z" }
wheels = [
    { url = "https://files.pythonhosted.org/packages/96/88/a996879e2eeccb815f6e3a5967b12a308257412acec882039d386bd2aa7b/cffi-2.1.0-cp313-cp313-ios_13_0_arm64_iphoneos.whl", hash = "sha256:10537b1df4967ca26d21e5072d7d54188354483b91dc75058968d3f0cf13fbda", size = 194331, upload-time = "2026-07-06T21:33:03.697Z" },
    { url = "https://files.pythonhosted.org/packages/58/85/7ae00d5c8dd6266f4e944c3db630f3c5c9a98b61d469c714d848b1d8138a/cffi-2.1.0-cp313-cp313-ios_13_0_arm64_iphonesimulator.whl", hash = "sha256:a95b05f9baf29b91171b3a8bd2020b028835243e7b0ff6bb23e2a3c228518b1b", size = 196966, upload-time = "2026-07-06T21:33:05.353Z" },
    { url = "https://files.pythonhosted.org/packages/8c/e9/45c3a76ad8d43ad9261f4c95436da61128d3ca545d72b9612c0ab5be0b1c/cffi-2.1.0-cp313-cp313-macosx_10_15_x86_64.whl", hash = "sha256:15faec4adfff450819f3aee0e2e02c812de6edb88203aa58807955db2003472a", size = 184795, upload-time = "2026-07-06T21:33:06.699Z" },
    { url = "https://files.pythonhosted.org/packages/84/4c/82f132cb4418ee6d953d982b19191e87e2a6372c8a4ce36e50b69d6ade4a/cffi-2.1.0-cp313-cp313-macosx_11_0_arm64.whl", hash = "sha256:716ff8ec22f20b4d988b12884086bcef0fc99737043e503f7a3935a6be99b1ea", size = 184746, upload-time = "2026-07-06T21:33:08.071Z" },
    { url = "https://files.pythonhosted.org/packages/a0/1c/4ed5a0e5bdca6cbc275556de3328dd1b76fd0c11cc13c88fe66d1d8715f2/cffi-2.1.0-cp313-cp313-manylinux1_i686.manylinux2014_i686.manylinux_2_17_i686.manylinux_2_5_i686.whl", hash = "sha256:63960549e4f8dc41e31accb97b975abaecfc44c03e396c093a6436763c2ea7db", size = 214747, upload-time = "2026-07-06T21:33:09.671Z" },
    { url = "https://files.pythonhosted.org/packages/3a/a6/e879bb68cc23a2bc9ba8f4b7d8019f0c2694bad2ab6c4a3701d429439f58/cffi-2.1.0-cp313-cp313-manylinux2014_aarch64.manylinux_2_17_aarch64.whl", hash = "sha256:ff067a8d8d880e7809e4ac88eb009bb848870115317b306666502ccad30b147f", size = 222392, upload-time = "2026-07-06T21:33:10.896Z" },
    { url = "https://files.pythonhosted.org/packages/88/f6/01890cfd63c08f8eb96a8319b0443690197d240a8bd6346048cf7bde9190/cffi-2.1.0-cp313-cp313-manylinux2014_ppc64le.manylinux_2_17_ppc64le.whl", hash = "sha256:3b926723c13eba9f81d2ef3820d63aeceec3b2d4639906047bf675cb8a7a500d", size = 210285, upload-time = "2026-07-06T21:33:12.251Z" },
    { url = "https://files.pythonhosted.org/packages/a6/cf/2b684132056f438567b61e19d690dd31cd0921ace051e0a458be6074369e/cffi-2.1.0-cp313-cp313-manylinux2014_s390x.manylinux_2_17_s390x.whl", hash = "sha256:47ff3a8bfd8cb9da1af7524b965127095055654c177fcfc7578debcb015eecd0", size = 208801, upload-time = "2026-07-06T21:33:13.617Z" },
    { url = "https://files.pythonhosted.org/packages/6f/08/f2e7d62c460faae0926f2d6e423694aa409ced3bc1fe2927a0a6e5f05416/cffi-2.1.0-cp313-cp313-manylinux2014_x86_64.manylinux_2_17_x86_64.whl", hash = "sha256:799416bae98336e400981ff6e532d67d5c709cfb30afb79865a1315f94b0e224", size = 221808, upload-time = "2026-07-06T21:33:15.466Z" },
    { url = "https://files.pythonhosted.org/packages/38/37/04f54b8e63a02f3d908332c9effbf8c366167c6f733ed8a3d4f79b7e2a1e/cffi-2.1.0-cp313-cp313-musllinux_1_2_aarch64.whl", hash = "sha256:961be50688f7fba2fa65f63712d3b9b341a22311f5253460ce933f52f0de1c8c", size = 225241, upload-time = "2026-07-06T21:33:16.869Z" },
    { url = "https://files.pythonhosted.org/packages/a9/d6/c72eecca433cd3e681c65ed313ab4835d9d4a379704d0f628a6a05f51c2e/cffi-2.1.0-cp313-cp313-musllinux_1_2_x86_64.whl", hash = "sha256:bf5c6cf48238b0eb4c086978c492ad1cbc22373fc5b2d7353b3a598ce6db887a", size = 223588, upload-time = "2026-07-06T21:33:18.239Z" },
    { url = "https://files.pythonhosted.org/packages/c6/4b/e706f67279140f92939da3475ad610df18bfd52d50f14953a8e5fede71d5/cffi-2.1.0-cp313-cp313-win32.whl", hash = "sha256:db3eb7d46527159a878ec3460e9d40615bc25ba337d477db681aea6e4f05c5d2", size = 175248, upload-time = "2026-07-06T21:33:19.799Z" },
    { url = "https://files.pythonhosted.org/packages/5a/47/59eb7975cb0e4ef0afa764ea945b29a5bb4537a9f771cb7d6c8a5dd74c95/cffi-2.1.0-cp313-cp313-win_amd64.whl", hash = "sha256:8e74a6135550c4748af665b1b1118b6aab33b1fc6a16f9aff630af107c3b4512", size = 185717, upload-time = "2026-07-06T21:33:21.47Z" },
    { url = "https://files.pythonhosted.org/packages/5a/af/34fee85c48f8d94efc8597bc09470c9dd274c145f1c12e0fbc6ab6d38d74/cffi-2.1.0-cp313-cp313-win_arm64.whl", hash = "sha256:2282cd5e38aa8accd03e99d1256af8411c84cdbee6a89d841b563fdbd1f3e50f", size = 180114, upload-time = "2026-07-06T21:33:22.515Z" },
]

[[package]]
name = "colorama"
version = "0.4.6"
source = { registry = "https://pypi.org/simple" }
sdist = { url = "https://files.pythonhosted.org/packages/d8/53/6f443c9a4a8358a93a6792e2acffb9d9d5cb0a5cfd8802644b7b1c9a02e4/colorama-0.4.6.tar.gz", hash = "sha256:08695f5cb7ed6e0531a20572697297273c47b8cae5a63ffc6d6ed5c201be6e44", size = 27697, upload-time = "2022-10-25T02:36:22.414Z" }
wheels = [
    { url = "https://files.pythonhosted.org/packages/d1/d6/3965ed04c63042e047cb6a3e6ed1a63a35087b6a609aa3a15ed8ac56c221/colorama-0.4.6-py2.py3-none-any.whl", hash = "sha256:4f1d9991f5acc0ca119f9d443620b77f9d6b33703e51011c16baf57afb285fc6", size = 25335, upload-time = "2022-10-25T02:36:20.889Z" },
]

[[package]]
name = "cryptography"
version = "49.0.0"
source = { registry = "https://pypi.org/simple" }
dependencies = [
    { name = "cffi", marker = "platform_python_implementation != 'PyPy'" },
]
sdist = { url = "https://files.pythonhosted.org/packages/1f/99/d1c90d6041656cc6ee229dc99cd67fd0cd5aec3c5f7d72fffc27cc750054/cryptography-49.0.0.tar.gz", hash = "sha256:f89660a348f4f78a92366240a61404e337586ef7f5909a2fef59ca88ef505493", size = 854345, upload-time = "2026-06-12T20:02:30.512Z" }
wheels = [
    { url = "https://files.pythonhosted.org/packages/9b/22/adf66990e63584a68dfb50c24f48a125c07b1699899381c8151e63ed458c/cryptography-49.0.0-cp311-abi3-macosx_11_0_arm64.whl", hash = "sha256:966fe0e9c67490071f14c0d2b1cb2dfb3023c5ce39457343931415f08382f2db", size = 4032100, upload-time = "2026-06-12T20:02:32.143Z" },
    { url = "https://files.pythonhosted.org/packages/09/41/3797cfaf69cae04a13ee78ebd83f0678d9c02b4779d21ce24445326f1a69/cryptography-49.0.0-cp311-abi3-manylinux2014_aarch64.manylinux_2_17_aarch64.whl", hash = "sha256:36d1709f992593689b45bda411498d62c6e365f2ca00b84657d4dadd24de16db", size = 4692978, upload-time = "2026-06-12T20:01:21.305Z" },
    { url = "https://files.pythonhosted.org/packages/e6/8b/43011f7ebe515a8aa20d61f290a326cd890c2e738e16e59eaff8d9c3a412/cryptography-49.0.0-cp311-abi3-manylinux2014_x86_64.manylinux_2_17_x86_64.whl", hash = "sha256:0e959b578856a3924bc0cbb710fc12c387b9412a951389f3ca61704a9e25f325", size = 4716422, upload-time = "2026-06-12T20:01:48.566Z" },
    { url = "https://files.pythonhosted.org/packages/4a/91/01ce7303a4579e6d3a6abef01bd322848e9ea7a219adcabc5048b9033571/cryptography-49.0.0-cp311-abi3-manylinux_2_28_aarch64.whl", hash = "sha256:53ecee2e23f7169b6117e99fc8a944e5e50f79e69758a83b52a00cb98ab2b2d2", size = 4700503, upload-time = "2026-06-12T20:02:47.091Z" },
    { url = "https://files.pythonhosted.org/packages/62/99/a2c95cf8293f07491e9e27c20cc4dcd18176d944e674679adeb1d0173fd6/cryptography-49.0.0-cp311-abi3-manylinux_2_28_ppc64le.whl", hash = "sha256:2eda353d8a27bcbcaa4cbed18994a74ab4d19a2ca897db188ea269ab9b71419b", size = 5309779, upload-time = "2026-06-12T20:02:08.987Z" },
    { url = "https://files.pythonhosted.org/packages/20/2c/0622f20ff02b2ef32558733443805dc82fd4c275be01b2d19d14676f3a1b/cryptography-49.0.0-cp311-abi3-manylinux_2_28_x86_64.whl", hash = "sha256:2afe9051da7ae7bd5905da5a949280c7d2bb75682e188f650a9d0f2756b834c6", size = 4749683, upload-time = "2026-06-12T20:02:03.335Z" },
    { url = "https://files.pythonhosted.org/packages/a3/5b/c5246635d5fd3b64e0d45ae10e99fd32fe9676a79915ccfe5a61ba9af1a5/cryptography-49.0.0-cp311-abi3-manylinux_2_31_armv7l.whl", hash = "sha256:0b82e28ee398a386f0807bba7884d30f25218855690f45115831bcce5d90822c", size = 4337874, upload-time = "2026-06-12T20:02:54.323Z" },
    { url = "https://files.pythonhosted.org/packages/6d/88/05563c7fe2e914e87d1a536d06fe83e66b4e1d95cb593e05aea375531da8/cryptography-49.0.0-cp311-abi3-manylinux_2_34_aarch64.whl", hash = "sha256:ccac2bfebc306b862133e3bb71f3f6ee8bb525240089b2d952e4144b3a6d5da7", size = 4700283, upload-time = "2026-06-12T20:01:34.822Z" },
    { url = "https://files.pythonhosted.org/packages/c4/b6/d7696e4e890d6ae1469935164c9e5215c557671cb78d6e3f458ccceaa632/cryptography-49.0.0-cp311-abi3-manylinux_2_34_ppc64le.whl", hash = "sha256:d0527ce944105f257f605a827d6ebead966c752038b6e8656abb9c5edee6fc68", size = 5265844, upload-time = "2026-06-12T20:01:24.09Z" },
    { url = "https://files.pythonhosted.org/packages/a9/3c/f3ad17eecc1a57b0ba236dc01f90e783c51f4a2f35f64777cc4f47a184b2/cryptography-49.0.0-cp311-abi3-manylinux_2_34_x86_64.whl", hash = "sha256:cbc77da8c523d5abd028635ba850a6966fcee2c82e2bf65a41d1d8afe0f98be9", size = 4749290, upload-time = "2026-06-12T20:01:30.848Z" },
    { url = "https://files.pythonhosted.org/packages/4f/01/339573cf1023163a400b0b5d16f6d507de413b9f60be6fd1b77feeaf6737/cryptography-49.0.0-cp311-abi3-musllinux_1_2_aarch64.whl", hash = "sha256:b87e65d263b3e5d3bb92a57e2a6638e2f31110fa7aa890c7b2dbba42248d0a3f", size = 4834612, upload-time = "2026-06-12T20:01:29.246Z" },
    { url = "https://files.pythonhosted.org/packages/71/fd/577302e213a1be9468f92d1afef66fcf1ef83d516819d9992ca547f592bd/cryptography-49.0.0-cp311-abi3-musllinux_1_2_x86_64.whl", hash = "sha256:66ec79c3904820572d7e987abdf304281f141d37ad9a489b8e97066e7b9b6459", size = 4980804, upload-time = "2026-06-12T20:01:42.853Z" },
    { url = "https://files.pythonhosted.org/packages/1f/09/f42b1d190c5ba75f72062a387f8030d1d75f6ab035788f1d9c4b01de6525/cryptography-49.0.0-cp311-abi3-win_amd64.whl", hash = "sha256:e5dfc1e64de5677cec922ffa8da89c546d0415bf6efdf081842e5d44c84e1f0e", size = 3810026, upload-time = "2026-06-12T20:02:39.262Z" },
    { url = "https://files.pythonhosted.org/packages/19/2a/5bb823f5bedcf80718cea7fbc95ec5515cca3769633c4b01a32be7f30e7c/cryptography-49.0.0-cp39-abi3-macosx_11_0_arm64.whl", hash = "sha256:ec5e529fb80935c94fe7b729f9972b50e351a0e6b50aa294fd5cabb109fcc29a", size = 4025947, upload-time = "2026-06-12T20:01:25.745Z" },
    { url = "https://files.pythonhosted.org/packages/3d/df/40577043ca124e17012f408ddddaeb213b856336ac82ddb3bc915f39e29f/cryptography-49.0.0-cp39-abi3-manylinux2014_aarch64.manylinux_2_17_aarch64.whl", hash = "sha256:f78ff2c9ed8dc2d036b0f4d640e22522213d047c1b14e61205a7e55c80a494d4", size = 4692429, upload-time = "2026-06-12T20:01:53.628Z" },
    { url = "https://files.pythonhosted.org/packages/2c/99/2d13299eb3dd27b02dcfaafcc91d6b5cb3329f7cbd6d8f51921acd566c1a/cryptography-49.0.0-cp39-abi3-manylinux2014_x86_64.manylinux_2_17_x86_64.whl", hash = "sha256:35b151772baff2c74cba7fa290ceaff4c3b11c0c881eb93eb5dbc05a7cfbba18", size = 4700968, upload-time = "2026-06-12T20:02:45.383Z" },
    { url = "https://files.pythonhosted.org/packages/a5/4d/9c0cd02f95e2602dd5e563da149ee0830abef3537be8b34dc56281ebe27a/cryptography-49.0.0-cp39-abi3-manylinux_2_28_aarch64.whl", hash = "sha256:0f21641cf4b30fca7aee061ced0ec7ad7b073518088b7c9969a297c0ae796c69", size = 4697758, upload-time = "2026-06-12T20:01:41.13Z" },
    { url = "https://files.pythonhosted.org/packages/24/01/186c825898477d77e2324d5360fefe622ff1d8d1963ec0554e2cada8ec77/cryptography-49.0.0-cp39-abi3-manylinux_2_28_ppc64le.whl", hash = "sha256:9e82dcc8e56052715fb18b2429e3bca4823b1629136a2084fc45a9a5cecb9b64", size = 5298863, upload-time = "2026-06-12T20:02:24.579Z" },
    { url = "https://files.pythonhosted.org/packages/b8/7b/62cbbab75d0659865bf0273790031544a0b16c8072d258f9428dcd8190dc/cryptography-49.0.0-cp39-abi3-manylinux_2_28_x86_64.whl", hash = "sha256:6f2debedf9ca60cf1d5bd466475638af5130f89965605cd818484d19987d3a21", size = 4735983, upload-time = "2026-06-12T20:01:50.14Z" },
    { url = "https://files.pythonhosted.org/packages/6c/72/3e798c064bc39e471008075d0f9bc9daf77a80879c092e4a8e170c585ed4/cryptography-49.0.0-cp39-abi3-manylinux_2_31_armv7l.whl", hash = "sha256:8c25ceb16df5b9435f3f6a9829204985b0e0cbee3b48aacd432c7d2c850b44d9", size = 4334173, upload-time = "2026-06-12T20:01:44.743Z" },
    { url = "https://files.pythonhosted.org/packages/f0/ee/6fca21d1ac73e06f8bef71940abfd4d2f6472b4bca284d770f32bd4086f6/cryptography-49.0.0-cp39-abi3-manylinux_2_34_aarch64.whl", hash = "sha256:28d8b15e6275f12c8a207dc309dfa957903c927d08d0cc937ee3f63f200693cc", size = 4697298, upload-time = "2026-06-12T20:02:20.918Z" },
    { url = "https://files.pythonhosted.org/packages/67/d0/a5fcd3515f0bae49a7b6d0413cc1bdccdcc1fc0047037a0d480642cdc5d6/cryptography-49.0.0-cp39-abi3-manylinux_2_34_ppc64le.whl", hash = "sha256:6fc361c34fb6aac015ce19435876635e5c6d21db31998b0920f675f131e043b8", size = 5254338, upload-time = "2026-06-12T20:02:22.737Z" },
    { url = "https://files.pythonhosted.org/packages/a0/84/84fe36f19caf857d61cb7fc9c63035a47ffabd84ea12d1d393148efa3615/cryptography-49.0.0-cp39-abi3-manylinux_2_34_x86_64.whl", hash = "sha256:2400ef9c9e2299a25614eb1dea3db54a69b1349efd043bfac9c67630d136df36", size = 4735650, upload-time = "2026-06-12T20:02:41.389Z" },
    { url = "https://files.pythonhosted.org/packages/6c/a0/db537264e234f7273a73ec020873d6d6b39dfd8a53db78b550ca8320440e/cryptography-49.0.0-cp39-abi3-musllinux_1_2_aarch64.whl", hash = "sha256:67e1d20ad9ef3a563c59ef22e7a8a0b8210bd26604369ea4a30a7c66aefe504e", size = 4834820, upload-time = "2026-06-12T20:01:51.847Z" },
    { url = "https://files.pythonhosted.org/packages/93/77/8df9eb486495979bccecd1062e2eaf435250e84437040295b57d09048b0b/cryptography-49.0.0-cp39-abi3-musllinux_1_2_x86_64.whl", hash = "sha256:42b0684e0e40cf26122427802486f6d93aea593612603a94fbf260c7eb1e9c1b", size = 4967968, upload-time = "2026-06-12T20:02:12.524Z" },
    { url = "https://files.pythonhosted.org/packages/c2/e6/f60198ea8d9dfa15fff9ed4ca02ce362f6eadd9ba757dcc50634c4257b63/cryptography-49.0.0-cp39-abi3-win_amd64.whl", hash = "sha256:026ac7423e6fa66872d3bf889be5974507da3944f866f704fa200eadacd00001", size = 3785547, upload-time = "2026-06-12T20:02:26.847Z" },
]

[[package]]
name = "gateway-interceptor"
version = "0.1.0"
source = { editable = "." }
dependencies = [
    { name = "pyjwt", extra = ["crypto"] },
]

[package.optional-dependencies]
dev = [
    { name = "cryptography" },
    { name = "pytest" },
]

[package.metadata]
requires-dist = [
    { name = "cryptography", marker = "extra == 'dev'", specifier = ">=42.0" },
    { name = "pyjwt", extras = ["crypto"], specifier = ">=2.8" },
    { name = "pytest", marker = "extra == 'dev'", specifier = ">=8.0" },
]
provides-extras = ["dev"]

[[package]]
name = "iniconfig"
version = "2.3.0"
source = { registry = "https://pypi.org/simple" }
sdist = { url = "https://files.pythonhosted.org/packages/72/34/14ca021ce8e5dfedc35312d08ba8bf51fdd999c576889fc2c24cb97f4f10/iniconfig-2.3.0.tar.gz", hash = "sha256:c76315c77db068650d49c5b56314774a7804df16fee4402c1f19d6d15d8c4730", size = 20503, upload-time = "2025-10-18T21:55:43.219Z" }
wheels = [
    { url = "https://files.pythonhosted.org/packages/cb/b1/3846dd7f199d53cb17f49cba7e651e9ce294d8497c8c150530ed11865bb8/iniconfig-2.3.0-py3-none-any.whl", hash = "sha256:f631c04d2c48c52b84d0d0549c99ff3859c98df65b3101406327ecc7d53fbf12", size = 7484, upload-time = "2025-10-18T21:55:41.639Z" },
]

[[package]]
name = "packaging"
version = "26.2"
source = { registry = "https://pypi.org/simple" }
sdist = { url = "https://files.pythonhosted.org/packages/d7/f1/e7a6dd94a8d4a5626c03e4e99c87f241ba9e350cd9e6d75123f992427270/packaging-26.2.tar.gz", hash = "sha256:ff452ff5a3e828ce110190feff1178bb1f2ea2281fa2075aadb987c2fb221661", size = 228134, upload-time = "2026-04-24T20:15:23.917Z" }
wheels = [
    { url = "https://files.pythonhosted.org/packages/df/b2/87e62e8c3e2f4b32e5fe99e0b86d576da1312593b39f47d8ceef365e95ed/packaging-26.2-py3-none-any.whl", hash = "sha256:5fc45236b9446107ff2415ce77c807cee2862cb6fac22b8a73826d0693b0980e", size = 100195, upload-time = "2026-04-24T20:15:22.081Z" },
]

[[package]]
name = "pluggy"
version = "1.6.0"
source = { registry = "https://pypi.org/simple" }
sdist = { url = "https://files.pythonhosted.org/packages/f9/e2/3e91f31a7d2b083fe6ef3fa267035b518369d9511ffab804f839851d2779/pluggy-1.6.0.tar.gz", hash = "sha256:7dcc130b76258d33b90f61b658791dede3486c3e6bfb003ee5c9bfb396dd22f3", size = 69412, upload-time = "2025-05-15T12:30:07.975Z" }
wheels = [
    { url = "https://files.pythonhosted.org/packages/54/20/4d324d65cc6d9205fabedc306948156824eb9f0ee1633355a8f7ec5c66bf/pluggy-1.6.0-py3-none-any.whl", hash = "sha256:e920276dd6813095e9377c0bc5566d94c932c33b27a3e3945d8389c374dd4746", size = 20538, upload-time = "2025-05-15T12:30:06.134Z" },
]

[[package]]
name = "pycparser"
version = "3.0"
source = { registry = "https://pypi.org/simple" }
sdist = { url = "https://files.pythonhosted.org/packages/1b/7d/92392ff7815c21062bea51aa7b87d45576f649f16458d78b7cf94b9ab2e6/pycparser-3.0.tar.gz", hash = "sha256:600f49d217304a5902ac3c37e1281c9fe94e4d0489de643a9504c5cdfdfc6b29", size = 103492, upload-time = "2026-01-21T14:26:51.89Z" }
wheels = [
    { url = "https://files.pythonhosted.org/packages/0c/c3/44f3fbbfa403ea2a7c779186dc20772604442dde72947e7d01069cbe98e3/pycparser-3.0-py3-none-any.whl", hash = "sha256:b727414169a36b7d524c1c3e31839a521725078d7b2ff038656844266160a992", size = 48172, upload-time = "2026-01-21T14:26:50.693Z" },
]

[[package]]
name = "pygments"
version = "2.20.0"
source = { registry = "https://pypi.org/simple" }
sdist = { url = "https://files.pythonhosted.org/packages/c3/b2/bc9c9196916376152d655522fdcebac55e66de6603a76a02bca1b6414f6c/pygments-2.20.0.tar.gz", hash = "sha256:6757cd03768053ff99f3039c1a36d6c0aa0b263438fcab17520b30a303a82b5f", size = 4955991, upload-time = "2026-03-29T13:29:33.898Z" }
wheels = [
    { url = "https://files.pythonhosted.org/packages/f4/7e/a72dd26f3b0f4f2bf1dd8923c85f7ceb43172af56d63c7383eb62b332364/pygments-2.20.0-py3-none-any.whl", hash = "sha256:81a9e26dd42fd28a23a2d169d86d7ac03b46e2f8b59ed4698fb4785f946d0176", size = 1231151, upload-time = "2026-03-29T13:29:30.038Z" },
]

[[package]]
name = "pyjwt"
version = "2.13.0"
source = { registry = "https://pypi.org/simple" }
sdist = { url = "https://files.pythonhosted.org/packages/3b/81/58d0ac84e1ef3a3843791d6954d94c0b33d526c75eeb1efbce9d0a4c4077/pyjwt-2.13.0.tar.gz", hash = "sha256:41571c89ca91598c79e8ef18a2d07367d4810fbbd6f637794879baf1b7703423", size = 107515, upload-time = "2026-05-21T19:54:36.618Z" }
wheels = [
    { url = "https://files.pythonhosted.org/packages/a3/5e/ecf12fdb62546d64385c158514e9b2b671f7832108ef2ecd2020ce0af2d1/pyjwt-2.13.0-py3-none-any.whl", hash = "sha256:66adcc2aff09b3f1bbd95fc1e1577df8ac8723c978552fd43304c8a290ac5728", size = 31274, upload-time = "2026-05-21T19:54:35.362Z" },
]

[package.optional-dependencies]
crypto = [
    { name = "cryptography" },
]

[[package]]
name = "pytest"
version = "9.1.1"
source = { registry = "https://pypi.org/simple" }
dependencies = [
    { name = "colorama", marker = "sys_platform == 'win32'" },
    { name = "iniconfig" },
    { name = "packaging" },
    { name = "pluggy" },
    { name = "pygments" },
]
sdist = { url = "https://files.pythonhosted.org/packages/e4/47/b9efed96c114afcfa3c9d3fe98a76a1d14c74a9e266d397cf6eb64be5e01/pytest-9.1.1.tar.gz", hash = "sha256:1088fbde8f2b49d95a549a195707afa7a76a3ce9bcadc26b6d71f0ffda5fe313", size = 1636369, upload-time = "2026-06-19T10:58:32.857Z" }
wheels = [
    { url = "https://files.pythonhosted.org/packages/24/25/1de2678b631f5a49215c6c96fff41ba892b0a34df68d6d80292b1b48aa7f/pytest-9.1.1-py3-none-any.whl", hash = "sha256:37a86b45efb9a47a61a36449063e8e18d0cab3161329fc099eb21783169c4f0c", size = 386536, upload-time = "2026-06-19T10:58:31.347Z" },
]
